// !$*UTF8*$!
{
	archiveVersion = 1;
	classes = {
	};
	objectVersion = 46;
	objects = {

/* Begin PBXBuildFile section */
		DD4ADA2D1D40B4F7005DA73B /* main.m in Sources */ = {isa = PBXBuildFile; fileRef = DD4ADA2C1D40B4F7005DA73B /* main.m */; };
		DD4ADA301D40B4F7005DA73B /* AppDelegate.m in Sources */ = {isa = PBXBuildFile; fileRef = DD4ADA2F1D40B4F7005DA73B /* AppDelegate.m */; };
		DD4ADA331D40B4F7005DA73B /* ViewController.m in Sources */ = {isa = PBXBuildFile; fileRef = DD4ADA321D40B4F7005DA73B /* ViewController.m */; };
		DD4ADA361D40B4F7005DA73B /* Main.storyboard in Resources */ = {isa = PBXBuildFile; fileRef = DD4ADA341D40B4F7005DA73B /* Main.storyboard */; };
		DD4ADA381D40B4F7005DA73B /* Assets.xcassets in Resources */ = {isa = PBXBuildFile; fileRef = DD4ADA371D40B4F7005DA73B /* Assets.xcassets */; };
		DD4ADA3B1D40B4F7005DA73B /* LaunchScreen.storyboard in Resources */ = {isa = PBXBuildFile; fileRef = DD4ADA391D40B4F7005DA73B /* LaunchScreen.storyboard */; };
		DD4ADA451D40B6E9005DA73B /* FirstViewController.m in Sources */ = {isa = PBXBuildFile; fileRef = DD4ADA441D40B6E9005DA73B /* FirstViewController.m */; };
		DD4ADA481D40B715005DA73B /* SecondViewController.m in Sources */ = {isa = PBXBuildFile; fileRef = DD4ADA471D40B715005DA73B /* SecondViewController.m */; };
		DD4ADA4B1D40B71D005DA73B /* ThirdViewController.m in Sources */ = {isa = PBXBuildFile; fileRef = DD4ADA4A1D40B71D005DA73B /* ThirdViewController.m */; };
		DD4ADA4E1D40B727005DA73B /* FourthViewController.m in Sources */ = {isa = PBXBuildFile; fileRef = DD4ADA4D1D40B727005DA73B /* FourthViewController.m */; };
		DD4ADA511D40B733005DA73B /* FifthViewController.m in Sources */ = {isa = PBXBuildFile; fileRef = DD4ADA501D40B733005DA73B /* FifthViewController.m */; };
		DD4ADA541D40B799005DA73B /* SixthViewController.m in Sources */ = {isa = PBXBuildFile; fileRef = DD4ADA531D40B799005DA73B /* SixthViewController.m */; };
		DD4ADA5B1D40BA5C005DA73B /* NSObject+DicToModel.m in Sources */ = {isa = PBXBuildFile; fileRef = DD4ADA5A1D40BA5C005DA73B /* NSObject+DicToModel.m */; };
		DD4ADA611D40C0DF005DA73B /* Person.m in Sources */ = {isa = PBXBuildFile; fileRef = DD4ADA601D40C0DF005DA73B /* Person.m */; };
		DD4ADA641D40C18C005DA73B /* Tool.m in Sources */ = {isa = PBXBuildFile; fileRef = DD4ADA631D40C18C005DA73B /* Tool.m */; };
		DD4ADA671D40D614005DA73B /* UIButton+Count.m in Sources */ = {isa = PBXBuildFile; fileRef = DD4ADA661D40D614005DA73B /* UIButton+Count.m */; };
		DD4ADA6D1D40DED3005DA73B /* NSObject+Archive.m in Sources */ = {isa = PBXBuildFile; fileRef = DD4ADA6C1D40DED3005DA73B /* NSObject+Archive.m */; };
/* End PBXBuildFile section */

/* Begin PBXFileReference section */
		DD4ADA281D40B4F7005DA73B /* iOS-runtime-Demo.app */ = {isa = PBXFileReference; explicitFileType = wrapper.application; includeInIndex = 0; path = "iOS-runtime-Demo.app"; sourceTree = BUILT_PRODUCTS_DIR; };
		DD4ADA2C1D40B4F7005DA73B /* main.m */ = {isa = PBXFileReference; lastKnownFileType = sourcecode.c.objc; path = main.m; sourceTree = "<group>"; };
		DD4ADA2E1D40B4F7005DA73B /* AppDelegate.h */ = {isa = PBXFileReference; lastKnownFileType = sourcecode.c.h; path = AppDelegate.h; sourceTree = "<group>"; };
		DD4ADA2F1D40B4F7005DA73B /* AppDelegate.m */ = {isa = PBXFileReference; lastKnownFileType = sourcecode.c.objc; path = AppDelegate.m; sourceTree = "<group>"; };
		DD4ADA311D40B4F7005DA73B /* ViewController.h */ = {isa = PBXFileReference; lastKnownFileType = sourcecode.c.h; path = ViewController.h; sourceTree = "<group>"; };
		DD4ADA321D40B4F7005DA73B /* ViewController.m */ = {isa = PBXFileReference; lastKnownFileType = sourcecode.c.objc; path = ViewController.m; sourceTree = "<group>"; };
		DD4ADA351D40B4F7005DA73B /* Base */ = {isa = PBXFileReference; lastKnownFileType = file.storyboard; name = Base; path = Base.lproj/Main.storyboard; sourceTree = "<group>"; };
		DD4ADA371D40B4F7005DA73B /* Assets.xcassets */ = {isa = PBXFileReference; lastKnownFileType = folder.assetcatalog; path = Assets.xcassets; sourceTree = "<group>"; };
		DD4ADA3A1D40B4F7005DA73B /* Base */ = {isa = PBXFileReference; lastKnownFileType = file.storyboard; name = Base; path = Base.lproj/LaunchScreen.storyboard; sourceTree = "<group>"; };
		DD4ADA3C1D40B4F7005DA73B /* Info.plist */ = {isa = PBXFileReference; lastKnownFileType = text.plist.xml; path = Info.plist; sourceTree = "<group>"; };
		DD4ADA431D40B6E9005DA73B /* FirstViewController.h */ = {isa = PBXFileReference; fileEncoding = 4; lastKnownFileType = sourcecode.c.h; path = FirstViewController.h; sourceTree = "<group>"; };
		DD4ADA441D40B6E9005DA73B /* FirstViewController.m */ = {isa = PBXFileReference; fileEncoding = 4; lastKnownFileType = sourcecode.c.objc; path = FirstViewController.m; sourceTree = "<group>"; };
		DD4ADA461D40B715005DA73B /* SecondViewController.h */ = {isa = PBXFileReference; fileEncoding = 4; lastKnownFileType = sourcecode.c.h; path = SecondViewController.h; sourceTree = "<group>"; };
		DD4ADA471D40B715005DA73B /* SecondViewController.m */ = {isa = PBXFileReference; fileEncoding = 4; lastKnownFileType = sourcecode.c.objc; path = SecondViewController.m; sourceTree = "<group>"; };
		DD4ADA491D40B71D005DA73B /* ThirdViewController.h */ = {isa = PBXFileReference; fileEncoding = 4; lastKnownFileType = sourcecode.c.h; path = ThirdViewController.h; sourceTree = "<group>"; };
		DD4ADA4A1D40B71D005DA73B /* ThirdViewController.m */ = {isa = PBXFileReference; fileEncoding = 4; lastKnownFileType = sourcecode.c.objc; path = ThirdViewController.m; sourceTree = "<group>"; };
		DD4ADA4C1D40B727005DA73B /* FourthViewController.h */ = {isa = PBXFileReference; fileEncoding = 4; lastKnownFileType = sourcecode.c.h; path = FourthViewController.h; sourceTree = "<group>"; };
		DD4ADA4D1D40B727005DA73B /* FourthViewController.m */ = {isa = PBXFileReference; fileEncoding = 4; lastKnownFileType = sourcecode.c.objc; path = FourthViewController.m; sourceTree = "<group>"; };
		DD4ADA4F1D40B733005DA73B /* FifthViewController.h */ = {isa = PBXFileReference; fileEncoding = 4; lastKnownFileType = sourcecode.c.h; path = FifthViewController.h; sourceTree = "<group>"; };
		DD4ADA501D40B733005DA73B /* FifthViewController.m */ = {isa = PBXFileReference; fileEncoding = 4; lastKnownFileType = sourcecode.c.objc; path = FifthViewController.m; sourceTree = "<group>"; };
		DD4ADA521D40B799005DA73B /* SixthViewController.h */ = {isa = PBXFileReference; fileEncoding = 4; lastKnownFileType = sourcecode.c.h; path = SixthViewController.h; sourceTree = "<group>"; };
		DD4ADA531D40B799005DA73B /* SixthViewController.m */ = {isa = PBXFileReference; fileEncoding = 4; lastKnownFileType = sourcecode.c.objc; path = SixthViewController.m; sourceTree = "<group>"; };
		DD4ADA591D40BA5C005DA73B /* NSObject+DicToModel.h */ = {isa = PBXFileReference; fileEncoding = 4; lastKnownFileType = sourcecode.c.h; path = "NSObject+DicToModel.h"; sourceTree = "<group>"; };
		DD4ADA5A1D40BA5C005DA73B /* NSObject+DicToModel.m */ = {isa = PBXFileReference; fileEncoding = 4; lastKnownFileType = sourcecode.c.objc; path = "NSObject+DicToModel.m"; sourceTree = "<group>"; };
		DD4ADA5F1D40C0DF005DA73B /* Person.h */ = {isa = PBXFileReference; fileEncoding = 4; lastKnownFileType = sourcecode.c.h; path = Person.h; sourceTree = "<group>"; };
		DD4ADA601D40C0DF005DA73B /* Person.m */ = {isa = PBXFileReference; fileEncoding = 4; lastKnownFileType = sourcecode.c.objc; path = Person.m; sourceTree = "<group>"; };
		DD4ADA621D40C18C005DA73B /* Tool.h */ = {isa = PBXFileReference; fileEncoding = 4; lastKnownFileType = sourcecode.c.h; path = Tool.h; sourceTree = "<group>"; };
		DD4ADA631D40C18C005DA73B /* Tool.m */ = {isa = PBXFileReference; fileEncoding = 4; lastKnownFileType = sourcecode.c.objc; path = Tool.m; sourceTree = "<group>"; };
		DD4ADA651D40D614005DA73B /* UIButton+Count.h */ = {isa = PBXFileReference; fileEncoding = 4; lastKnownFileType = sourcecode.c.h; path = "UIButton+Count.h"; sourceTree = "<group>"; };
		DD4ADA661D40D614005DA73B /* UIButton+Count.m */ = {isa = PBXFileReference; fileEncoding = 4; lastKnownFileType = sourcecode.c.objc; path = "UIButton+Count.m"; sourceTree = "<group>"; };
		DD4ADA6B1D40DED3005DA73B /* NSObject+Archive.h */ = {isa = PBXFileReference; fileEncoding = 4; lastKnownFileType = sourcecode.c.h; path = "NSObject+Archive.h"; sourceTree = "<group>"; };
		DD4ADA6C1D40DED3005DA73B /* NSObject+Archive.m */ = {isa = PBXFileReference; fileEncoding = 4; lastKnownFileType = sourcecode.c.objc; path = "NSObject+Archive.m"; sourceTree = "<group>"; };
/* End PBXFileReference section */

/* Begin PBXFrameworksBuildPhase section */
		DD4ADA251D40B4F7005DA73B /* Frameworks */ = {
			isa = PBXFrameworksBuildPhase;
			buildActionMask = 2147483647;
			files = (
			);
			runOnlyForDeploymentPostprocessing = 0;
		};
/* End PBXFrameworksBuildPhase section */

/* Begin PBXGroup section */
		DD4ADA1F1D40B4F7005DA73B = {
			isa = PBXGroup;
			children = (
				DD4ADA2A1D40B4F7005DA73B /* iOS-runtime-Demo */,
				DD4ADA291D40B4F7005DA73B /* Products */,
			);
			sourceTree = "<group>";
		};
		DD4ADA291D40B4F7005DA73B /* Products */ = {
			isa = PBXGroup;
			children = (
				DD4ADA281D40B4F7005DA73B /* iOS-runtime-Demo.app */,
			);
			name = Products;
			sourceTree = "<group>";
		};
		DD4ADA2A1D40B4F7005DA73B /* iOS-runtime-Demo */ = {
			isa = PBXGroup;
			children = (
				DD4ADA581D40BA05005DA73B /* Model */,
				DD4ADA421D40B68C005DA73B /* DemoViewControllers */,
				DD4ADA2E1D40B4F7005DA73B /* AppDelegate.h */,
				DD4ADA2F1D40B4F7005DA73B /* AppDelegate.m */,
				DD4ADA311D40B4F7005DA73B /* ViewController.h */,
				DD4ADA321D40B4F7005DA73B /* ViewController.m */,
				DD4ADA341D40B4F7005DA73B /* Main.storyboard */,
				DD4ADA371D40B4F7005DA73B /* Assets.xcassets */,
				DD4ADA391D40B4F7005DA73B /* LaunchScreen.storyboard */,
				DD4ADA3C1D40B4F7005DA73B /* Info.plist */,
				DD4ADA2B1D40B4F7005DA73B /* Supporting Files */,
			);
			path = "iOS-runtime-Demo";
			sourceTree = "<group>";
		};
		DD4ADA2B1D40B4F7005DA73B /* Supporting Files */ = {
			isa = PBXGroup;
			children = (
				DD4ADA2C1D40B4F7005DA73B /* main.m */,
			);
			name = "Supporting Files";
			sourceTree = "<group>";
		};
		DD4ADA421D40B68C005DA73B /* DemoViewControllers */ = {
			isa = PBXGroup;
			children = (
				DD4ADA431D40B6E9005DA73B /* FirstViewController.h */,
				DD4ADA441D40B6E9005DA73B /* FirstViewController.m */,
				DD4ADA461D40B715005DA73B /* SecondViewController.h */,
				DD4ADA471D40B715005DA73B /* SecondViewController.m */,
				DD4ADA491D40B71D005DA73B /* ThirdViewController.h */,
				DD4ADA4A1D40B71D005DA73B /* ThirdViewController.m */,
				DD4ADA4C1D40B727005DA73B /* FourthViewController.h */,
				DD4ADA4D1D40B727005DA73B /* FourthViewController.m */,
				DD4ADA4F1D40B733005DA73B /* FifthViewController.h */,
				DD4ADA501D40B733005DA73B /* FifthViewController.m */,
				DD4ADA521D40B799005DA73B /* SixthViewController.h */,
				DD4ADA531D40B799005DA73B /* SixthViewController.m */,
			);
			path = DemoViewControllers;
			sourceTree = "<group>";
		};
		DD4ADA581D40BA05005DA73B /* Model */ = {
			isa = PBXGroup;
			children = (
				DD4ADA591D40BA5C005DA73B /* NSObject+DicToModel.h */,
				DD4ADA5A1D40BA5C005DA73B /* NSObject+DicToModel.m */,
				DD4ADA5F1D40C0DF005DA73B /* Person.h */,
				DD4ADA601D40C0DF005DA73B /* Person.m */,
				DD4ADA621D40C18C005DA73B /* Tool.h */,
				DD4ADA631D40C18C005DA73B /* Tool.m */,
				DD4ADA651D40D614005DA73B /* UIButton+Count.h */,
				DD4ADA661D40D614005DA73B /* UIButton+Count.m */,
				DD4ADA6B1D40DED3005DA73B /* NSObject+Archive.h */,
				DD4ADA6C1D40DED3005DA73B /* NSObject+Archive.m */,
			);
			path = Model;
			sourceTree = "<group>";
		};
/* End PBXGroup section */

/* Begin PBXNativeTarget section */
		DD4ADA271D40B4F7005DA73B /* iOS-runtime-Demo */ = {
			isa = PBXNativeTarget;
			buildConfigurationList = DD4ADA3F1D40B4F7005DA73B /* Build configuration list for PBXNativeTarget "iOS-runtime-Demo" */;
			buildPhases = (
				DD4ADA241D40B4F7005DA73B /* Sources */,
				DD4ADA251D40B4F7005DA73B /* Frameworks */,
				DD4ADA261D40B4F7005DA73B /* Resources */,
			);
			buildRules = (
			);
			dependencies = (
			);
			name = "iOS-runtime-Demo";
			productName = "iOS-runtime-Demo";
			productReference = DD4ADA281D40B4F7005DA73B /* iOS-runtime-Demo.app */;
			productType = "com.apple.product-type.application";
		};
/* End PBXNativeTarget section */

/* Begin PBXProject section */
		DD4ADA201D40B4F7005DA73B /* Project object */ = {
			isa = PBXProject;
			attributes = {
				LastUpgradeCheck = 0730;
				ORGANIZATIONNAME = Leiliang;
				TargetAttributes = {
					DD4ADA271D40B4F7005DA73B = {
						CreatedOnToolsVersion = 7.3.1;
					};
				};
			};
			buildConfigurationList = DD4ADA231D40B4F7005DA73B /* Build configuration list for PBXProject "iOS-runtime-Demo" */;
			compatibilityVersion = "Xcode 3.2";
			developmentRegion = English;
			hasScannedForEncodings = 0;
			knownRegions = (
				en,
				Base,
			);
			mainGroup = DD4ADA1F1D40B4F7005DA73B;
			productRefGroup = DD4ADA291D40B4F7005DA73B /* Products */;
			projectDirPath = "";
			projectRoot = "";
			targets = (
				DD4ADA271D40B4F7005DA73B /* iOS-runtime-Demo */,
			);
		};
/* End PBXProject section */

/* Begin PBXResourcesBuildPhase section */
		DD4ADA261D40B4F7005DA73B /* Resources */ = {
			isa = PBXResourcesBuildPhase;
			buildActionMask = 2147483647;
			files = (
				DD4ADA3B1D40B4F7005DA73B /* LaunchScreen.storyboard in Resources */,
				DD4ADA381D40B4F7005DA73B /* Assets.xcassets in Resources */,
				DD4ADA361D40B4F7005DA73B /* Main.storyboard in Resources */,
			);
			runOnlyForDeploymentPostprocessing = 0;
		};
/* End PBXResourcesBuildPhase section */

/* Begin PBXSourcesBuildPhase section */
		DD4ADA241D40B4F7005DA73B /* Sources */ = {
			isa = PBXSourcesBuildPhase;
			buildActionMask = 2147483647;
			files = (
				DD4ADA641D40C18C005DA73B /* Tool.m in Sources */,
				DD4ADA511D40B733005DA73B /* FifthViewController.m in Sources */,
				DD4ADA481D40B715005DA73B /* SecondViewController.m in Sources */,
				DD4ADA331D40B4F7005DA73B /* ViewController.m in Sources */,
				DD4ADA4B1D40B71D005DA73B /* ThirdViewController.m in Sources */,
				DD4ADA301D40B4F7005DA73B /* AppDelegate.m in Sources */,
				DD4ADA5B1D40BA5C005DA73B /* NSObject+DicToModel.m in Sources */,
				DD4ADA611D40C0DF005DA73B /* Person.m in Sources */,
				DD4ADA541D40B799005DA73B /* SixthViewController.m in Sources */,
				DD4ADA2D1D40B4F7005DA73B /* main.m in Sources */,
				DD4ADA4E1D40B727005DA73B /* FourthViewController.m in Sources */,
				DD4ADA451D40B6E9005DA73B /* FirstViewController.m in Sources */,
				DD4ADA6D1D40DED3005DA73B /* NSObject+Archive.m in Sources */,
				DD4ADA671D40D614005DA73B /* UIButton+Count.m in Sources */,
			);
			runOnlyForDeploymentPostprocessing = 0;
		};
/* End PBXSourcesBuildPhase section */

/* Begin PBXVariantGroup section */
		DD4ADA341D40B4F7005DA73B /* Main.storyboard */ = {
			isa = PBXVariantGroup;
			children = (
				DD4ADA351D40B4F7005DA73B /* Base */,
			);
			name = Main.storyboard;
			sourceTree = "<group>";
		};
		DD4ADA391D40B4F7005DA73B /* LaunchScreen.storyboard */ = {
			isa = PBXVariantGroup;
			children = (
				DD4ADA3A1D40B4F7005DA73B /* Base */,
			);
			name = LaunchScreen.storyboard;
			sourceTree = "<group>";
		};
/* End PBXVariantGroup section */

/* Begin XCBuildConfiguration section */
		DD4ADA3D1D40B4F7005DA73B /* Debug */ = {
			isa = XCBuildConfiguration;
			buildSettings = {
				ALWAYS_SEARCH_USER_PATHS = NO;
				CLANG_ANALYZER_NONNULL = YES;
				CLANG_CXX_LANGUAGE_STANDARD = "gnu++0x";
				CLANG_CXX_LIBRARY = "libc++";
				CLANG_ENABLE_MODULES = YES;
				CLANG_ENABLE_OBJC_ARC = YES;
				CLANG_WARN_BOOL_CONVERSION = YES;
				CLANG_WARN_CONSTANT_CONVERSION = YES;
				CLANG_WARN_DIRECT_OBJC_ISA_USAGE = YES_ERROR;
				CLANG_WARN_EMPTY_BODY = YES;
				CLANG_WARN_ENUM_CONVERSION = YES;
				CLANG_WARN_INT_CONVERSION = YES;
				CLANG_WARN_OBJC_ROOT_CLASS = YES_ERROR;
				CLANG_WARN_UNREACHABLE_CODE = YES;
				CLANG_WARN__DUPLICATE_METHOD_MATCH = YES;
				"CODE_SIGN_IDENTITY[sdk=iphoneos*]" = "iPhone Developer";
				COPY_PHASE_STRIP = NO;
				DEBUG_INFORMATION_FORMAT = dwarf;
				ENABLE_STRICT_OBJC_MSGSEND = YES;
				ENABLE_TESTABILITY = YES;
				GCC_C_LANGUAGE_STANDARD = gnu99;
				GCC_DYNAMIC_NO_PIC = NO;
				GCC_NO_COMMON_BLOCKS = YES;
				GCC_OPTIMIZATION_LEVEL = 0;
				GCC_PREPROCESSOR_DEFINITIONS = (
					"DEBUG=1",
					"$(inherited)",
				);
				GCC_WARN_64_TO_32_BIT_CONVERSION = YES;
				GCC_WARN_ABOUT_RETURN_TYPE = YES_ERROR;
				GCC_WARN_UNDECLARED_SELECTOR = YES;
				GCC_WARN_UNINITIALIZED_AUTOS = YES_AGGRESSIVE;
				GCC_WARN_UNUSED_FUNCTION = YES;
				GCC_WARN_UNUSED_VARIABLE = YES;
				IPHONEOS_DEPLOYMENT_TARGET = 9.3;
				MTL_ENABLE_DEBUG_INFO = YES;
				ONLY_ACTIVE_ARCH = YES;
				SDKROOT = iphoneos;
			};
			name = Debug;
		};
		DD4ADA3E1D40B4F7005DA73B /* Release */ = {
			isa = XCBuildConfiguration;
			buildSettings = {
				ALWAYS_SEARCH_USER_PATHS = NO;
				CLANG_ANALYZER_NONNULL = YES;
				CLANG_CXX_LANGUAGE_STANDARD = "gnu++0x";
				CLANG_CXX_LIBRARY = "libc++";
				CLANG_ENABLE_MODULES = YES;
				CLANG_ENABLE_OBJC_ARC = YES;
				CLANG_WARN_BOOL_CONVERSION = YES;
				CLANG_WARN_CONSTANT_CONVERSION = YES;
				CLANG_WARN_DIRECT_OBJC_ISA_USAGE = YES_ERROR;
				CLANG_WARN_EMPTY_BODY = YES;
				CLANG_WARN_ENUM_CONVERSION = YES;
				CLANG_WARN_INT_CONVERSION = YES;
				CLANG_WARN_OBJC_ROOT_CLASS = YES_ERROR;
				CLANG_WARN_UNREACHABLE_CODE = YES;
				CLANG_WARN__DUPLICATE_METHOD_MATCH = YES;
				"CODE_SIGN_IDENTITY[sdk=iphoneos*]" = "iPhone Developer";
				COPY_PHASE_STRIP = NO;
				DEBUG_INFORMATION_FORMAT = "dwarf-with-dsym";
				ENABLE_NS_ASSERTIONS = NO;
				ENABLE_STRICT_OBJC_MSGSEND = YES;
				GCC_C_LANGUAGE_STANDARD = gnu99;
				GCC_NO_COMMON_BLOCKS = YES;
				GCC_WARN_64_TO_32_BIT_CONVERSION = YES;
				GCC_WARN_ABOUT_RETURN_TYPE = YES_ERROR;
				GCC_WARN_UNDECLARED_SELECTOR = YES;
				GCC_WARN_UNINITIALIZED_AUTOS = YES_AGGRESSIVE;
				GCC_WARN_UNUSED_FUNCTION = YES;
				GCC_WARN_UNUSED_VARIABLE = YES;
				IPHONEOS_DEPLOYMENT_TARGET = 9.3;
				MTL_ENABLE_DEBUG_INFO = NO;
				SDKROOT = iphoneos;
				VALIDATE_PRODUCT = YES;
			};
			name = Release;
		};
		DD4ADA401D40B4F7005DA73B /* Debug */ = {
			isa = XCBuildConfiguration;
			buildSettings = {
				ASSETCATALOG_COMPILER_APPICON_NAME = AppIcon;
				INFOPLIST_FILE = "iOS-runtime-Demo/Info.plist";
				LD_RUNPATH_SEARCH_PATHS = "$(inherited) @executable_path/Frameworks";
				PRODUCT_BUNDLE_IDENTIFIER = "Leiliang.iOS-runtime-Demo";
				PRODUCT_NAME = "$(TARGET_NAME)";
			};
			name = Debug;
		};
		DD4ADA411D40B4F7005DA73B /* Release */ = {
			isa = XCBuildConfiguration;
			buildSettings = {
				ASSETCATALOG_COMPILER_APPICON_NAME = AppIcon;
				INFOPLIST_FILE = "iOS-runtime-Demo/Info.plist";
				LD_RUNPATH_SEARCH_PATHS = "$(inherited) @executable_path/Frameworks";
				PRODUCT_BUNDLE_IDENTIFIER = "Leiliang.iOS-runtime-Demo";
				PRODUCT_NAME = "$(TARGET_NAME)";
			};
			name = Release;
		};
/* End XCBuildConfiguration section */

/* Begin XCConfigurationList section */
		DD4ADA231D40B4F7005DA73B /* Build configuration list for PBXProject "iOS-runtime-Demo" */ = {
			isa = XCConfigurationList;
			buildConfigurations = (
				DD4ADA3D1D40B4F7005DA73B /* Debug */,
				DD4ADA3E1D40B4F7005DA73B /* Release */,
			);
			defaultConfigurationIsVisible = 0;
			defaultConfigurationName = Release;
		};
		DD4ADA3F1D40B4F7005DA73B /* Build configuration list for PBXNativeTarget "iOS-runtime-Demo" */ = {
			isa = XCConfigurationList;
			buildConfigurations = (
				DD4ADA401D40B4F7005DA73B /* Debug */,
				DD4ADA411D40B4F7005DA73B /* Release */,
			);
			defaultConfigurationIsVisible = 0;
		};
/* End XCConfigurationList section */
	};
	rootObject = DD4ADA201D40B4F7005DA73B /* Project object */;
}
